
Microsoft Visual Studio Solution File, Format Version 12.00
# Visual Studio Version 17
VisualStudioVersion = 17.0.31903.59
MinimumVisualStudioVersion = 10.0.40219.1
Project("{9A19103F-16F7-4668-BE54-9A1E7A4F7556}") = "DiceRoller", "DiceRoller.csproj", "{CFF90793-7E53-429B-8252-2D8C9BD34F68}"
EndProject
Global
	GlobalSection(SolutionConfigurationPlatforms) = preSolution
		Debug|Any CPU = Debug|Any CPU
		Release|Any CPU = Release|Any CPU
	EndGlobalSection
	GlobalSection(ProjectConfigurationPlatforms) = postSolution
		{CFF90793-7E53-429B-8252-2D8C9BD34F68}.Debug|Any CPU.ActiveCfg = Debug|Any CPU
		{CFF90793-7E53-429B-8252-2D8C9BD34F68}.Debug|Any CPU.Build.0 = Debug|Any CPU
		{CFF90793-7E53-429B-8252-2D8C9BD34F68}.Release|Any CPU.ActiveCfg = Release|Any CPU
		{CFF90793-7E53-429B-8252-2D8C9BD34F68}.Release|Any CPU.Build.0 = Release|Any CPU
	EndGlobalSection
	GlobalSection(SolutionProperties) = preSolution
		HideSolutionNode = FALSE
	EndGlobalSection
	GlobalSection(ExtensibilityGlobals) = postSolution
		SolutionGuid = {FA62A85D-FA20-41FB-A860-74566C687CCC}
	EndGlobalSection
EndGlobal
